
Microsoft Visual Studio Solution File, Format Version 12.00
# Visual Studio Version 17
VisualStudioVersion = 17.11.35208.52
MinimumVisualStudioVersion = 10.0.40219.1
Project("{FAE04EC0-301F-11D3-BF4B-00C04F79EFBC}") = "Two", "Two\Two.csproj", "{CC6A902A-505A-4E45-B55F-3E09B0003418}"
EndProject
Global
	GlobalSection(SolutionConfigurationPlatforms) = preSolution
		Debug|Any CPU = Debug|Any CPU
		Release|Any CPU = Release|Any CPU
	EndGlobalSection
	GlobalSection(ProjectConfigurationPlatforms) = postSolution
		{CC6A902A-505A-4E45-B55F-3E09B0003418}.Debug|Any CPU.ActiveCfg = Debug|Any CPU
		{CC6A902A-505A-4E45-B55F-3E09B0003418}.Debug|Any CPU.Build.0 = Debug|Any CPU
		{CC6A902A-505A-4E45-B55F-3E09B0003418}.Release|Any CPU.ActiveCfg = Release|Any CPU
		{CC6A902A-505A-4E45-B55F-3E09B0003418}.Release|Any CPU.Build.0 = Release|Any CPU
	EndGlobalSection
	GlobalSection(SolutionProperties) = preSolution
		HideSolutionNode = FALSE
	EndGlobalSection
	GlobalSection(ExtensibilityGlobals) = postSolution
		SolutionGuid = {D3515EDA-D0EE-4932-AB0F-DC5B527D108D}
	EndGlobalSection
EndGlobal
